# This file is automatically @generated by Poetry 1.7.1 and should not be changed by hand.

[[package]]
name = "charset-normalizer"
version = "2.1.1"
description = "The Real First Universal Charset Detector. Open, modern and actively maintained alternative to Chardet."
optional = false
python-versions = ">=3.6.0"
files = [
    {file = "charset-normalizer-2.1.1.tar.gz", hash = "sha256:5a3d016c7c547f69d6f81fb0db9449ce888b418b5b9952cc5e6e66843e9dd845"},
    {file = "charset_normalizer-2.1.1-py3-none-any.whl", hash = "sha256:83e9a75d1911279afd89352c68b45348559d1fc0506b054b346651b5e7fee29f"},
]

[package.extras]
unicode-backport = ["unicodedata2"]

[[package]]
name = "poetry-add-requirements-txt"
version = "1.4.0"
description = "Add dependencies specified in requirements.txt file(s) to your Poetry project"
optional = false
python-versions = ">=3.10,<4.0"
files = [
    {file = "poetry_add_requirements_txt-1.4.0-py3-none-any.whl", hash = "sha256:2617cc3d94e8b829976eae66d184ba7712ebf53f963ff904352b48a56412fb86"},
    {file = "poetry_add_requirements_txt-1.4.0.tar.gz", hash = "sha256:a8ad4525fe80fb60dd27323bcd1e2262e8667e0b27fbc345166f9ac78ae576a6"},
]

[package.dependencies]
charset-normalizer = ">=2.0.12,<3.0.0"

[metadata]
lock-version = "2.0"
python-versions = "^3.12"
content-hash = "f50469a6baa12322398502b5a5c4e730c74faaa1aad0c20dcf39bb2a88032f90"
